
Microsoft Visual Studio Solution File, Format Version 12.00
# Visual Studio 14
VisualStudioVersion = 14.0.25420.1
MinimumVisualStudioVersion = 10.0.40219.1
Project("{2150E333-8FDC-42A3-9474-1A3956D46DE8}") = "Repository", "Repository", "{1217378D-9484-4AAE-9D26-E79E832F955B}"
EndProject
Project("{2150E333-8FDC-42A3-9474-1A3956D46DE8}") = "WebAPI", "WebAPI", "{8CDDF824-CD48-4EA7-A567-F2F87744A1E1}"
EndProject
Project("{2150E333-8FDC-42A3-9474-1A3956D46DE8}") = "Service", "Service", "{D03B2A21-BF02-45F5-BEF1-F29BD0F39F51}"
EndProject
Project("{FAE04EC0-301F-11D3-BF4B-00C04F79EFBC}") = "CRUD.WebAPI", "CRUD.WebAPI\CRUD.WebAPI.csproj", "{E6AA27AA-A9C5-40DE-9759-A03738862B06}"
EndProject
Project("{FAE04EC0-301F-11D3-BF4B-00C04F79EFBC}") = "CRUD.Model", "CRUD.Model\CRUD.Model.csproj", "{F3E5D630-AD2C-4D0B-B589-B2EEF898B5A7}"
EndProject
Project("{FAE04EC0-301F-11D3-BF4B-00C04F79EFBC}") = "CRUD.DBContext", "CRUD.DBContext\CRUD.DBContext.csproj", "{4EA35111-2A28-4A3B-A14C-02D860DFEEC5}"
EndProject
Project("{FAE04EC0-301F-11D3-BF4B-00C04F79EFBC}") = "CRUD.Repository", "CRUD.Repository\CRUD.Repository.csproj", "{683863DA-099E-4D81-AEDB-A7D565286984}"
EndProject
Project("{FAE04EC0-301F-11D3-BF4B-00C04F79EFBC}") = "CRUD.Service", "CRUD.Service\CRUD.Service.csproj", "{886C9193-199E-48DE-8A71-CC5EE2C989EF}"
EndProject
Global
	GlobalSection(SolutionConfigurationPlatforms) = preSolution
		Debug|Any CPU = Debug|Any CPU
		Release|Any CPU = Release|Any CPU
	EndGlobalSection
	GlobalSection(ProjectConfigurationPlatforms) = postSolution
		{E6AA27AA-A9C5-40DE-9759-A03738862B06}.Debug|Any CPU.ActiveCfg = Debug|Any CPU
		{E6AA27AA-A9C5-40DE-9759-A03738862B06}.Debug|Any CPU.Build.0 = Debug|Any CPU
		{E6AA27AA-A9C5-40DE-9759-A03738862B06}.Release|Any CPU.ActiveCfg = Release|Any CPU
		{E6AA27AA-A9C5-40DE-9759-A03738862B06}.Release|Any CPU.Build.0 = Release|Any CPU
		{F3E5D630-AD2C-4D0B-B589-B2EEF898B5A7}.Debug|Any CPU.ActiveCfg = Debug|Any CPU
		{F3E5D630-AD2C-4D0B-B589-B2EEF898B5A7}.Debug|Any CPU.Build.0 = Debug|Any CPU
		{F3E5D630-AD2C-4D0B-B589-B2EEF898B5A7}.Release|Any CPU.ActiveCfg = Release|Any CPU
		{F3E5D630-AD2C-4D0B-B589-B2EEF898B5A7}.Release|Any CPU.Build.0 = Release|Any CPU
		{4EA35111-2A28-4A3B-A14C-02D860DFEEC5}.Debug|Any CPU.ActiveCfg = Debug|Any CPU
		{4EA35111-2A28-4A3B-A14C-02D860DFEEC5}.Debug|Any CPU.Build.0 = Debug|Any CPU
		{4EA35111-2A28-4A3B-A14C-02D860DFEEC5}.Release|Any CPU.ActiveCfg = Release|Any CPU
		{4EA35111-2A28-4A3B-A14C-02D860DFEEC5}.Release|Any CPU.Build.0 = Release|Any CPU
		{683863DA-099E-4D81-AEDB-A7D565286984}.Debug|Any CPU.ActiveCfg = Debug|Any CPU
		{683863DA-099E-4D81-AEDB-A7D565286984}.Debug|Any CPU.Build.0 = Debug|Any CPU
		{683863DA-099E-4D81-AEDB-A7D565286984}.Release|Any CPU.ActiveCfg = Release|Any CPU
		{683863DA-099E-4D81-AEDB-A7D565286984}.Release|Any CPU.Build.0 = Release|Any CPU
		{886C9193-199E-48DE-8A71-CC5EE2C989EF}.Debug|Any CPU.ActiveCfg = Debug|Any CPU
		{886C9193-199E-48DE-8A71-CC5EE2C989EF}.Debug|Any CPU.Build.0 = Debug|Any CPU
		{886C9193-199E-48DE-8A71-CC5EE2C989EF}.Release|Any CPU.ActiveCfg = Release|Any CPU
		{886C9193-199E-48DE-8A71-CC5EE2C989EF}.Release|Any CPU.Build.0 = Release|Any CPU
	EndGlobalSection
	GlobalSection(SolutionProperties) = preSolution
		HideSolutionNode = FALSE
	EndGlobalSection
	GlobalSection(NestedProjects) = preSolution
		{E6AA27AA-A9C5-40DE-9759-A03738862B06} = {8CDDF824-CD48-4EA7-A567-F2F87744A1E1}
		{F3E5D630-AD2C-4D0B-B589-B2EEF898B5A7} = {1217378D-9484-4AAE-9D26-E79E832F955B}
		{4EA35111-2A28-4A3B-A14C-02D860DFEEC5} = {1217378D-9484-4AAE-9D26-E79E832F955B}
		{683863DA-099E-4D81-AEDB-A7D565286984} = {1217378D-9484-4AAE-9D26-E79E832F955B}
		{886C9193-199E-48DE-8A71-CC5EE2C989EF} = {D03B2A21-BF02-45F5-BEF1-F29BD0F39F51}
	EndGlobalSection
EndGlobal
